
Microsoft Visual Studio Solution File, Format Version 12.00
# Visual Studio Version 16
VisualStudioVersion = 16.0.31702.278
MinimumVisualStudioVersion = 10.0.40219.1
Project("{FAE04EC0-301F-11D3-BF4B-00C04F79EFBC}") = "Keylogger", "Keylogger.csproj", "{731FB548-5415-4D28-AB49-793965AD603E}"
EndProject
Global
	GlobalSection(SolutionConfigurationPlatforms) = preSolution
		Debug|Any CPU = Debug|Any CPU
		Release|Any CPU = Release|Any CPU
	EndGlobalSection
	GlobalSection(ProjectConfigurationPlatforms) = postSolution
		{731FB548-5415-4D28-AB49-793965AD603E}.Debug|Any CPU.ActiveCfg = Debug|Any CPU
		{731FB548-5415-4D28-AB49-793965AD603E}.Debug|Any CPU.Build.0 = Debug|Any CPU
		{731FB548-5415-4D28-AB49-793965AD603E}.Release|Any CPU.ActiveCfg = Release|Any CPU
		{731FB548-5415-4D28-AB49-793965AD603E}.Release|Any CPU.Build.0 = Release|Any CPU
	EndGlobalSection
	GlobalSection(SolutionProperties) = preSolution
		HideSolutionNode = FALSE
	EndGlobalSection
	GlobalSection(ExtensibilityGlobals) = postSolution
		SolutionGuid = {7DF2EECF-B3D7-4ACF-932C-A058BE7797C1}
	EndGlobalSection
EndGlobal
